{
  "object": {
    "pins": [
      {
        "package": "Ink",
        "repositoryURL": "https://github.com/JohnSundell/Ink.git",
        "state": {
          "branch": "master",
          "revision": "878fd897945500be1885f2c88f81f8f909224796",
          "version": null
        }
      }
    ]
  },
  "version": 1
}
